
Microsoft Visual Studio Solution File, Format Version 12.00
# Visual Studio 15
VisualStudioVersion = 15.0.28010.2041
MinimumVisualStudioVersion = 10.0.40219.1
Project("{FAE04EC0-301F-11D3-BF4B-00C04F79EFBC}") = "WebApplication2", "WebApplication2\WebApplication2.csproj", "{7E491EBB-9A5C-47A8-8B10-F8E7566479EB}"
EndProject
Project("{FAE04EC0-301F-11D3-BF4B-00C04F79EFBC}") = "DAL", "DAL\DAL.csproj", "{44A78EEE-7B6E-4FAF-8C66-291DC8FC2C2C}"
EndProject
Global
	GlobalSection(SolutionConfigurationPlatforms) = preSolution
		Debug|Any CPU = Debug|Any CPU
		Release|Any CPU = Release|Any CPU
	EndGlobalSection
	GlobalSection(ProjectConfigurationPlatforms) = postSolution
		{7E491EBB-9A5C-47A8-8B10-F8E7566479EB}.Debug|Any CPU.ActiveCfg = Debug|Any CPU
		{7E491EBB-9A5C-47A8-8B10-F8E7566479EB}.Debug|Any CPU.Build.0 = Debug|Any CPU
		{7E491EBB-9A5C-47A8-8B10-F8E7566479EB}.Release|Any CPU.ActiveCfg = Release|Any CPU
		{7E491EBB-9A5C-47A8-8B10-F8E7566479EB}.Release|Any CPU.Build.0 = Release|Any CPU
		{44A78EEE-7B6E-4FAF-8C66-291DC8FC2C2C}.Debug|Any CPU.ActiveCfg = Debug|Any CPU
		{44A78EEE-7B6E-4FAF-8C66-291DC8FC2C2C}.Debug|Any CPU.Build.0 = Debug|Any CPU
		{44A78EEE-7B6E-4FAF-8C66-291DC8FC2C2C}.Release|Any CPU.ActiveCfg = Release|Any CPU
		{44A78EEE-7B6E-4FAF-8C66-291DC8FC2C2C}.Release|Any CPU.Build.0 = Release|Any CPU
	EndGlobalSection
	GlobalSection(SolutionProperties) = preSolution
		HideSolutionNode = FALSE
	EndGlobalSection
	GlobalSection(ExtensibilityGlobals) = postSolution
		SolutionGuid = {8F68FC39-D173-48A2-8BA6-56D96B9B282A}
	EndGlobalSection
EndGlobal
